{
  "name": "mcode-package",
  "version": "0.9.1",
  "lockfileVersion": 3,
  "requires": true,
  "packages": {
    "": {
      "name": "mcode-package",
      "version": "0.9.1",
      "license": "MIT",
      "dependencies": {
        "mcode-cache": "^0.9.0",
        "mcode-data": "^0.6.4",
        "mcode-list": "^0.6.1",
        "mcode-log": "^0.8.5"
      }
    },
    "node_modules/@redis/bloom": {
      "version": "6.2.1",
      "resolved": "https://registry.npmjs.org/@redis/bloom/-/bloom-6.2.1.tgz",
      "integrity": "sha512-huQgNLaCIZfQ9SeLn4q9124uOUd8HbZDYHwwUzNcRgHqCHiHKl2dDxMqJCeWh8cMqZAoWuHR8XnWbDMIf+o7ag==",
      "license": "MIT",
      "engines": {
        "node": ">= 20.0.0"
      },
      "peerDependencies": {
        "@redis/client": "^6.2.1"
      }
    },
    "node_modules/@redis/client": {
      "version": "6.2.1",
      "resolved": "https://registry.npmjs.org/@redis/client/-/client-6.2.1.tgz",
      "integrity": "sha512-LzxBY7SIBvvJiyCgcaJZZakE3fJrZZ++i24+EDW9fKpCl68D35uJcKFpZZwCfOoG9WZTbyZlMzMeM0gtOAMU9Q==",
      "license": "MIT",
      "dependencies": {
        "cluster-key-slot": "1.1.2"
      },
      "engines": {
        "node": ">= 20.0.0"
      },
      "peerDependencies": {
        "@node-rs/xxhash": "^1.1.0",
        "@opentelemetry/api": ">=1 <2"
      },
      "peerDependenciesMeta": {
        "@node-rs/xxhash": {
          "optional": true
        },
        "@opentelemetry/api": {
          "optional": true
        }
      }
    },
    "node_modules/@redis/json": {
      "version": "6.2.1",
      "resolved": "https://registry.npmjs.org/@redis/json/-/json-6.2.1.tgz",
      "integrity": "sha512-AFIUJ8Gj0DaaSBHYuSt8+O0oYWM+50OK1c0OmodB7XERIA8+BbyV3O4v76f9iccWasd1/7qjfZTpuzexUaZtrQ==",
      "license": "MIT",
      "engines": {
        "node": ">= 20.0.0"
      },
      "peerDependencies": {
        "@redis/client": "^6.2.1"
      }
    },
    "node_modules/@redis/search": {
      "version": "6.2.1",
      "resolved": "https://registry.npmjs.org/@redis/search/-/search-6.2.1.tgz",
      "integrity": "sha512-2vfOAOyYFE7UUw3sBBlkqqruBtOUS4HRY5MtW4hp83llrwvtrTE4r22CEqXddlV+54zkLxBE4nmsIJ/dpezQrQ==",
      "license": "MIT",
      "engines": {
        "node": ">= 20.0.0"
      },
      "peerDependencies": {
        "@redis/client": "^6.2.1"
      }
    },
    "node_modules/@redis/time-series": {
      "version": "6.2.1",
      "resolved": "https://registry.npmjs.org/@redis/time-series/-/time-series-6.2.1.tgz",
      "integrity": "sha512-kiYniph04dJOole+L359B6C9E+jYS2uDP7hca6Onj0xF38ZIpyxARO0Iq0W4ZRn1e8Q6vqW00QFZVSMRA/2Ijw==",
      "license": "MIT",
      "engines": {
        "node": ">= 20.0.0"
      },
      "peerDependencies": {
        "@redis/client": "^6.2.1"
      }
    },
    "node_modules/clone": {
      "version": "2.1.2",
      "resolved": "https://registry.npmjs.org/clone/-/clone-2.1.2.tgz",
      "integrity": "sha512-3Pe/CF1Nn94hyhIYpjtiLhdCoEoz0DqQ+988E9gmeEdQZlojxnOb74wctFyuwWQHzqyf9X7C7MG8juUpqBJT8w==",
      "engines": {
        "node": ">=0.8"
      }
    },
    "node_modules/cluster-key-slot": {
      "version": "1.1.2",
      "resolved": "https://registry.npmjs.org/cluster-key-slot/-/cluster-key-slot-1.1.2.tgz",
      "integrity": "sha512-RMr0FhtfXemyinomL4hrWcYJxmX6deFdCxpJzhDttxgO1+bcCnkk+9drydLVDmAMG7NE6aN/fl4F7ucU/90gAA==",
      "license": "Apache-2.0",
      "engines": {
        "node": ">=0.10.0"
      }
    },
    "node_modules/mcode-cache": {
      "version": "0.9.0",
      "resolved": "https://registry.npmjs.org/mcode-cache/-/mcode-cache-0.9.0.tgz",
      "integrity": "sha512-AYyi1cPs8SqBsVX6guPdzwv1ST0CoAmBr6nvmqkROPPaJo9n7c/2J5GrKGfcoOPZZdG8vnpDcpWADUS5gwvrgw==",
      "license": "MIT",
      "dependencies": {
        "mcode-log": "^0.8.5",
        "node-cache": "^5.1.2",
        "redis": "^6.2.1"
      },
      "engines": {
        "node": ">=22.14.0"
      }
    },
    "node_modules/mcode-data": {
      "version": "0.6.4",
      "resolved": "https://registry.npmjs.org/mcode-data/-/mcode-data-0.6.4.tgz",
      "integrity": "sha512-COHOhq9lZzwKVKcXEYaHYFrBUUgjEx0KYAa/Ex7vFz177JZCdxLkHzlOi7+AtMAqD+wmvn+Jle6ynrVL2/taXw==",
      "license": "MIT"
    },
    "node_modules/mcode-list": {
      "version": "0.6.1",
      "resolved": "https://registry.npmjs.org/mcode-list/-/mcode-list-0.6.1.tgz",
      "integrity": "sha512-860zr0rRUz9WV949p5zvNEBWqtuZzmJRklA87VDlugERkF/N0VOajbFCLAk5+fTmHQ3dKzQfzXje4D+kWpYrjQ==",
      "license": "MIT",
      "dependencies": {
        "mcode-data": "^0.6.2",
        "mcode-log": "^0.6.9"
      }
    },
    "node_modules/mcode-list/node_modules/mcode-log": {
      "version": "0.6.9",
      "resolved": "https://registry.npmjs.org/mcode-log/-/mcode-log-0.6.9.tgz",
      "integrity": "sha512-1slJ/+/oirunQYD0R/PsNK8m8uJZAq47mZPwegMo6BfxLZNhyyqRnxYbhGo7mcZva7+9ZZySmBzrAGbkr+OiIQ==",
      "license": "MIT",
      "dependencies": {
        "mcode-data": "^0.6.2"
      }
    },
    "node_modules/mcode-log": {
      "version": "0.8.5",
      "resolved": "https://registry.npmjs.org/mcode-log/-/mcode-log-0.8.5.tgz",
      "integrity": "sha512-U2i8Z8TkmhJ7F0ijboEtA5KEvQRndHbCSLDbpKWFM9iD34zfWEvsx0zk7WDoFK1cYcQb1N7S5XOYM2WDN44WSg==",
      "license": "MIT",
      "dependencies": {
        "mcode-data": "^0.6.4"
      }
    },
    "node_modules/node-cache": {
      "version": "5.1.2",
      "resolved": "https://registry.npmjs.org/node-cache/-/node-cache-5.1.2.tgz",
      "integrity": "sha512-t1QzWwnk4sjLWaQAS8CHgOJ+RAfmHpxFWmc36IWTiWHQfs0w5JDMBS1b1ZxQteo0vVVuWJvIUKHDkkeK7vIGCg==",
      "dependencies": {
        "clone": "2.x"
      },
      "engines": {
        "node": ">= 8.0.0"
      }
    },
    "node_modules/redis": {
      "version": "6.2.1",
      "resolved": "https://registry.npmjs.org/redis/-/redis-6.2.1.tgz",
      "integrity": "sha512-Z9VHtgYs48PiQC77X9O2Er8Hj4T+5BtFjT91/vi5Is1D04N72cA946ZslM1ImJw8ZctFBZWAVjM7S5wJNeHMpg==",
      "license": "MIT",
      "dependencies": {
        "@redis/bloom": "6.2.1",
        "@redis/client": "6.2.1",
        "@redis/json": "6.2.1",
        "@redis/search": "6.2.1",
        "@redis/time-series": "6.2.1"
      },
      "engines": {
        "node": ">= 20.0.0"
      }
    }
  }
}
